
Microsoft Visual Studio Solution File, Format Version 12.00
# Visual Studio 15
VisualStudioVersion = 15.0.28307.852
MinimumVisualStudioVersion = 10.0.40219.1
Project("{FAE04EC0-301F-11D3-BF4B-00C04F79EFBC}") = "ConsoleApp1", "ConsoleApp1\ConsoleApp1.csproj", "{BBEC28EF-DFBE-45D2-BB86-12958FCBFB5C}"
EndProject
Global
	GlobalSection(SolutionConfigurationPlatforms) = preSolution
		Debug|Any CPU = Debug|Any CPU
		Release|Any CPU = Release|Any CPU
	EndGlobalSection
	GlobalSection(ProjectConfigurationPlatforms) = postSolution
		{BBEC28EF-DFBE-45D2-BB86-12958FCBFB5C}.Debug|Any CPU.ActiveCfg = Debug|Any CPU
		{BBEC28EF-DFBE-45D2-BB86-12958FCBFB5C}.Debug|Any CPU.Build.0 = Debug|Any CPU
		{BBEC28EF-DFBE-45D2-BB86-12958FCBFB5C}.Release|Any CPU.ActiveCfg = Release|Any CPU
		{BBEC28EF-DFBE-45D2-BB86-12958FCBFB5C}.Release|Any CPU.Build.0 = Release|Any CPU
	EndGlobalSection
	GlobalSection(SolutionProperties) = preSolution
		HideSolutionNode = FALSE
	EndGlobalSection
	GlobalSection(ExtensibilityGlobals) = postSolution
		SolutionGuid = {A4F71083-7243-4ED7-BB10-AAB7A0FE58C0}
	EndGlobalSection
EndGlobal
